
Microsoft Visual Studio Solution File, Format Version 12.00
# Visual Studio Version 17
VisualStudioVersion = 17.11.35312.102
MinimumVisualStudioVersion = 10.0.40219.1
Project("{888888A0-9F3D-457C-B088-3A5042F75D52}") = "Lab9", "Lab9\Lab9.pyproj", "{1A5E58AE-A500-40BC-96AB-5FD6DF635C00}"
EndProject
Global
	GlobalSection(SolutionConfigurationPlatforms) = preSolution
		Debug|Any CPU = Debug|Any CPU
		Release|Any CPU = Release|Any CPU
	EndGlobalSection
	GlobalSection(ProjectConfigurationPlatforms) = postSolution
		{1A5E58AE-A500-40BC-96AB-5FD6DF635C00}.Debug|Any CPU.ActiveCfg = Debug|Any CPU
		{1A5E58AE-A500-40BC-96AB-5FD6DF635C00}.Release|Any CPU.ActiveCfg = Release|Any CPU
	EndGlobalSection
	GlobalSection(SolutionProperties) = preSolution
		HideSolutionNode = FALSE
	EndGlobalSection
	GlobalSection(ExtensibilityGlobals) = postSolution
		SolutionGuid = {DAE17A37-3096-46DC-BE63-F24BB70CB2BB}
	EndGlobalSection
EndGlobal
